
Microsoft Visual Studio Solution File, Format Version 12.00
# Visual Studio Version 17
VisualStudioVersion = 17.14.36301.6
MinimumVisualStudioVersion = 10.0.40219.1
Project("{FAE04EC0-301F-11D3-BF4B-00C04F79EFBC}") = "StocksApp", "StocksApp\StocksApp.csproj", "{C537E876-A29E-45E8-A2FA-6532F08DF52D}"
EndProject
Project("{FAE04EC0-301F-11D3-BF4B-00C04F79EFBC}") = "ServiceContracts", "ServiceContracts\ServiceContracts.csproj", "{55209B11-5DDB-468E-A1AE-7DCEA42C4869}"
EndProject
Project("{FAE04EC0-301F-11D3-BF4B-00C04F79EFBC}") = "Entities", "Entities\Entities.csproj", "{E59C985B-A264-4435-8FA8-C0D31CF55CEE}"
EndProject
Project("{FAE04EC0-301F-11D3-BF4B-00C04F79EFBC}") = "Services", "Services\Services.csproj", "{9EA60E5E-12AF-4AF7-9444-73D0F731EB10}"
EndProject
Project("{FAE04EC0-301F-11D3-BF4B-00C04F79EFBC}") = "Tests", "Tests\Tests.csproj", "{28604437-22C3-4977-B5ED-64CB474DBC9B}"
EndProject
Project("{FAE04EC0-301F-11D3-BF4B-00C04F79EFBC}") = "RepositoryContracts", "RepositoryContracts\RepositoryContracts.csproj", "{A1E36EB2-FF5D-40E7-A120-49C069389FA4}"
EndProject
Project("{FAE04EC0-301F-11D3-BF4B-00C04F79EFBC}") = "Repositories", "Repositories\Repositories.csproj", "{2C5B8669-64D3-411A-895D-E7B021C81645}"
EndProject
Global
	GlobalSection(SolutionConfigurationPlatforms) = preSolution
		Debug|Any CPU = Debug|Any CPU
		Release|Any CPU = Release|Any CPU
	EndGlobalSection
	GlobalSection(ProjectConfigurationPlatforms) = postSolution
		{C537E876-A29E-45E8-A2FA-6532F08DF52D}.Debug|Any CPU.ActiveCfg = Debug|Any CPU
		{C537E876-A29E-45E8-A2FA-6532F08DF52D}.Debug|Any CPU.Build.0 = Debug|Any CPU
		{C537E876-A29E-45E8-A2FA-6532F08DF52D}.Release|Any CPU.ActiveCfg = Release|Any CPU
		{C537E876-A29E-45E8-A2FA-6532F08DF52D}.Release|Any CPU.Build.0 = Release|Any CPU
		{55209B11-5DDB-468E-A1AE-7DCEA42C4869}.Debug|Any CPU.ActiveCfg = Debug|Any CPU
		{55209B11-5DDB-468E-A1AE-7DCEA42C4869}.Debug|Any CPU.Build.0 = Debug|Any CPU
		{55209B11-5DDB-468E-A1AE-7DCEA42C4869}.Release|Any CPU.ActiveCfg = Release|Any CPU
		{55209B11-5DDB-468E-A1AE-7DCEA42C4869}.Release|Any CPU.Build.0 = Release|Any CPU
		{E59C985B-A264-4435-8FA8-C0D31CF55CEE}.Debug|Any CPU.ActiveCfg = Debug|Any CPU
		{E59C985B-A264-4435-8FA8-C0D31CF55CEE}.Debug|Any CPU.Build.0 = Debug|Any CPU
		{E59C985B-A264-4435-8FA8-C0D31CF55CEE}.Release|Any CPU.ActiveCfg = Release|Any CPU
		{E59C985B-A264-4435-8FA8-C0D31CF55CEE}.Release|Any CPU.Build.0 = Release|Any CPU
		{9EA60E5E-12AF-4AF7-9444-73D0F731EB10}.Debug|Any CPU.ActiveCfg = Debug|Any CPU
		{9EA60E5E-12AF-4AF7-9444-73D0F731EB10}.Debug|Any CPU.Build.0 = Debug|Any CPU
		{9EA60E5E-12AF-4AF7-9444-73D0F731EB10}.Release|Any CPU.ActiveCfg = Release|Any CPU
		{9EA60E5E-12AF-4AF7-9444-73D0F731EB10}.Release|Any CPU.Build.0 = Release|Any CPU
		{28604437-22C3-4977-B5ED-64CB474DBC9B}.Debug|Any CPU.ActiveCfg = Debug|Any CPU
		{28604437-22C3-4977-B5ED-64CB474DBC9B}.Debug|Any CPU.Build.0 = Debug|Any CPU
		{28604437-22C3-4977-B5ED-64CB474DBC9B}.Release|Any CPU.ActiveCfg = Release|Any CPU
		{28604437-22C3-4977-B5ED-64CB474DBC9B}.Release|Any CPU.Build.0 = Release|Any CPU
		{A1E36EB2-FF5D-40E7-A120-49C069389FA4}.Debug|Any CPU.ActiveCfg = Debug|Any CPU
		{A1E36EB2-FF5D-40E7-A120-49C069389FA4}.Debug|Any CPU.Build.0 = Debug|Any CPU
		{A1E36EB2-FF5D-40E7-A120-49C069389FA4}.Release|Any CPU.ActiveCfg = Release|Any CPU
		{A1E36EB2-FF5D-40E7-A120-49C069389FA4}.Release|Any CPU.Build.0 = Release|Any CPU
		{2C5B8669-64D3-411A-895D-E7B021C81645}.Debug|Any CPU.ActiveCfg = Debug|Any CPU
		{2C5B8669-64D3-411A-895D-E7B021C81645}.Debug|Any CPU.Build.0 = Debug|Any CPU
		{2C5B8669-64D3-411A-895D-E7B021C81645}.Release|Any CPU.ActiveCfg = Release|Any CPU
		{2C5B8669-64D3-411A-895D-E7B021C81645}.Release|Any CPU.Build.0 = Release|Any CPU
	EndGlobalSection
	GlobalSection(SolutionProperties) = preSolution
		HideSolutionNode = FALSE
	EndGlobalSection
	GlobalSection(ExtensibilityGlobals) = postSolution
		SolutionGuid = {5891CE20-EBA5-4EDE-94C9-05EB25F53E8A}
	EndGlobalSection
EndGlobal
